// !$*UTF8*$!
{
	archiveVersion = 1;
	classes = {
	};
	objectVersion = 50;
	objects = {

/* Begin PBXBuildFile section */
		8CAAF35D21C635D3004AA630 /* AppDelegate.swift in Sources */ = {isa = PBXBuildFile; fileRef = 8CAAF35C21C635D3004AA630 /* AppDelegate.swift */; };
		8CAAF35F21C635D3004AA630 /* ViewController.swift in Sources */ = {isa = PBXBuildFile; fileRef = 8CAAF35E21C635D3004AA630 /* ViewController.swift */; };
		8CAAF36221C635D3004AA630 /* Main.storyboard in Resources */ = {isa = PBXBuildFile; fileRef = 8CAAF36021C635D3004AA630 /* Main.storyboard */; };
		8CAAF36521C635D3004AA630 /* VK_SolovievaIrina.xcdatamodeld in Sources */ = {isa = PBXBuildFile; fileRef = 8CAAF36321C635D3004AA630 /* VK_SolovievaIrina.xcdatamodeld */; };
		8CAAF36721C635D5004AA630 /* Assets.xcassets in Resources */ = {isa = PBXBuildFile; fileRef = 8CAAF36621C635D5004AA630 /* Assets.xcassets */; };
		8CAAF36A21C635D5004AA630 /* LaunchScreen.storyboard in Resources */ = {isa = PBXBuildFile; fileRef = 8CAAF36821C635D5004AA630 /* LaunchScreen.storyboard */; };
		8CAAF37521C635D5004AA630 /* VK_SolovievaIrinaTests.swift in Sources */ = {isa = PBXBuildFile; fileRef = 8CAAF37421C635D5004AA630 /* VK_SolovievaIrinaTests.swift */; };
		8CAAF38021C635D5004AA630 /* VK_SolovievaIrinaUITests.swift in Sources */ = {isa = PBXBuildFile; fileRef = 8CAAF37F21C635D5004AA630 /* VK_SolovievaIrinaUITests.swift */; };
		8CAAF39221C65180004AA630 /* vk_logo.png in Resources */ = {isa = PBXBuildFile; fileRef = 8CAAF39121C65180004AA630 /* vk_logo.png */; };
		8CF24CE921E23E1F006B51D4 /* LikeControl.swift in Sources */ = {isa = PBXBuildFile; fileRef = 8CF24CE821E23E1F006B51D4 /* LikeControl.swift */; };
		8CF24CEB21E2A539006B51D4 /* MyNewsController.swift in Sources */ = {isa = PBXBuildFile; fileRef = 8CF24CEA21E2A539006B51D4 /* MyNewsController.swift */; };
		8CF24CEF21E2A780006B51D4 /* MyNewsCell.swift in Sources */ = {isa = PBXBuildFile; fileRef = 8CF24CEE21E2A780006B51D4 /* MyNewsCell.swift */; };
		8CF61E7B21CE298600D9C21A /* MyFriendsController.swift in Sources */ = {isa = PBXBuildFile; fileRef = 8CF61E7A21CE298600D9C21A /* MyFriendsController.swift */; };
		8CF61E8121CE2AD500D9C21A /* FotoFriendCollectionController.swift in Sources */ = {isa = PBXBuildFile; fileRef = 8CF61E8021CE2AD500D9C21A /* FotoFriendCollectionController.swift */; };
		8CF61E8321CE521300D9C21A /* MyFriendsCell.swift in Sources */ = {isa = PBXBuildFile; fileRef = 8CF61E8221CE521300D9C21A /* MyFriendsCell.swift */; };
		8CF61E8521D0D68300D9C21A /* FotoCollectionCell.swift in Sources */ = {isa = PBXBuildFile; fileRef = 8CF61E8421D0D68300D9C21A /* FotoCollectionCell.swift */; };
		8CF61E8D21D2335F00D9C21A /* MyGroupsController.swift in Sources */ = {isa = PBXBuildFile; fileRef = 8CF61E8C21D2335F00D9C21A /* MyGroupsController.swift */; };
		8CF61E8F21D233C200D9C21A /* MyGroupCell.swift in Sources */ = {isa = PBXBuildFile; fileRef = 8CF61E8E21D233C200D9C21A /* MyGroupCell.swift */; };
		8CF61E9121D2340900D9C21A /* AllGroupsController.swift in Sources */ = {isa = PBXBuildFile; fileRef = 8CF61E9021D2340900D9C21A /* AllGroupsController.swift */; };
		8CF61E9321D2342800D9C21A /* AllGroupsCell.swift in Sources */ = {isa = PBXBuildFile; fileRef = 8CF61E9221D2342700D9C21A /* AllGroupsCell.swift */; };
/* End PBXBuildFile section */

/* Begin PBXContainerItemProxy section */
		8CAAF37121C635D5004AA630 /* PBXContainerItemProxy */ = {
			isa = PBXContainerItemProxy;
			containerPortal = 8CAAF35121C635D3004AA630 /* Project object */;
			proxyType = 1;
			remoteGlobalIDString = 8CAAF35821C635D3004AA630;
			remoteInfo = VK_SolovievaIrina;
		};
		8CAAF37C21C635D5004AA630 /* PBXContainerItemProxy */ = {
			isa = PBXContainerItemProxy;
			containerPortal = 8CAAF35121C635D3004AA630 /* Project object */;
			proxyType = 1;
			remoteGlobalIDString = 8CAAF35821C635D3004AA630;
			remoteInfo = VK_SolovievaIrina;
		};
/* End PBXContainerItemProxy section */

/* Begin PBXFileReference section */
		8CAAF35921C635D3004AA630 /* VK_SolovievaIrina.app */ = {isa = PBXFileReference; explicitFileType = wrapper.application; includeInIndex = 0; path = VK_SolovievaIrina.app; sourceTree = BUILT_PRODUCTS_DIR; };
		8CAAF35C21C635D3004AA630 /* AppDelegate.swift */ = {isa = PBXFileReference; lastKnownFileType = sourcecode.swift; path = AppDelegate.swift; sourceTree = "<group>"; };
		8CAAF35E21C635D3004AA630 /* ViewController.swift */ = {isa = PBXFileReference; lastKnownFileType = sourcecode.swift; path = ViewController.swift; sourceTree = "<group>"; };
		8CAAF36121C635D3004AA630 /* Base */ = {isa = PBXFileReference; lastKnownFileType = file.storyboard; name = Base; path = Base.lproj/Main.storyboard; sourceTree = "<group>"; };
		8CAAF36421C635D3004AA630 /* VK_SolovievaIrina.xcdatamodel */ = {isa = PBXFileReference; lastKnownFileType = wrapper.xcdatamodel; path = VK_SolovievaIrina.xcdatamodel; sourceTree = "<group>"; };
		8CAAF36621C635D5004AA630 /* Assets.xcassets */ = {isa = PBXFileReference; lastKnownFileType = folder.assetcatalog; path = Assets.xcassets; sourceTree = "<group>"; };
		8CAAF36921C635D5004AA630 /* Base */ = {isa = PBXFileReference; lastKnownFileType = file.storyboard; name = Base; path = Base.lproj/LaunchScreen.storyboard; sourceTree = "<group>"; };
		8CAAF36B21C635D5004AA630 /* Info.plist */ = {isa = PBXFileReference; lastKnownFileType = text.plist.xml; path = Info.plist; sourceTree = "<group>"; };
		8CAAF37021C635D5004AA630 /* VK_SolovievaIrinaTests.xctest */ = {isa = PBXFileReference; explicitFileType = wrapper.cfbundle; includeInIndex = 0; path = VK_SolovievaIrinaTests.xctest; sourceTree = BUILT_PRODUCTS_DIR; };
		8CAAF37421C635D5004AA630 /* VK_SolovievaIrinaTests.swift */ = {isa = PBXFileReference; lastKnownFileType = sourcecode.swift; path = VK_SolovievaIrinaTests.swift; sourceTree = "<group>"; };
		8CAAF37621C635D5004AA630 /* Info.plist */ = {isa = PBXFileReference; lastKnownFileType = text.plist.xml; path = Info.plist; sourceTree = "<group>"; };
		8CAAF37B21C635D5004AA630 /* VK_SolovievaIrinaUITests.xctest */ = {isa = PBXFileReference; explicitFileType = wrapper.cfbundle; includeInIndex = 0; path = VK_SolovievaIrinaUITests.xctest; sourceTree = BUILT_PRODUCTS_DIR; };
		8CAAF37F21C635D5004AA630 /* VK_SolovievaIrinaUITests.swift */ = {isa = PBXFileReference; lastKnownFileType = sourcecode.swift; path = VK_SolovievaIrinaUITests.swift; sourceTree = "<group>"; };
		8CAAF38121C635D5004AA630 /* Info.plist */ = {isa = PBXFileReference; lastKnownFileType = text.plist.xml; path = Info.plist; sourceTree = "<group>"; };
		8CAAF39121C65180004AA630 /* vk_logo.png */ = {isa = PBXFileReference; lastKnownFileType = image.png; path = vk_logo.png; sourceTree = "<group>"; };
		8CF24CE821E23E1F006B51D4 /* LikeControl.swift */ = {isa = PBXFileReference; lastKnownFileType = sourcecode.swift; path = LikeControl.swift; sourceTree = "<group>"; };
		8CF24CEA21E2A539006B51D4 /* MyNewsController.swift */ = {isa = PBXFileReference; lastKnownFileType = sourcecode.swift; path = MyNewsController.swift; sourceTree = "<group>"; };
		8CF24CEE21E2A780006B51D4 /* MyNewsCell.swift */ = {isa = PBXFileReference; lastKnownFileType = sourcecode.swift; path = MyNewsCell.swift; sourceTree = "<group>"; };
		8CF61E7A21CE298600D9C21A /* MyFriendsController.swift */ = {isa = PBXFileReference; lastKnownFileType = sourcecode.swift; path = MyFriendsController.swift; sourceTree = "<group>"; };
		8CF61E8021CE2AD500D9C21A /* FotoFriendCollectionController.swift */ = {isa = PBXFileReference; lastKnownFileType = sourcecode.swift; path = FotoFriendCollectionController.swift; sourceTree = "<group>"; };
		8CF61E8221CE521300D9C21A /* MyFriendsCell.swift */ = {isa = PBXFileReference; lastKnownFileType = sourcecode.swift; path = MyFriendsCell.swift; sourceTree = "<group>"; };
		8CF61E8421D0D68300D9C21A /* FotoCollectionCell.swift */ = {isa = PBXFileReference; lastKnownFileType = sourcecode.swift; path = FotoCollectionCell.swift; sourceTree = "<group>"; };
		8CF61E8C21D2335F00D9C21A /* MyGroupsController.swift */ = {isa = PBXFileReference; lastKnownFileType = sourcecode.swift; path = MyGroupsController.swift; sourceTree = "<group>"; };
		8CF61E8E21D233C200D9C21A /* MyGroupCell.swift */ = {isa = PBXFileReference; lastKnownFileType = sourcecode.swift; path = MyGroupCell.swift; sourceTree = "<group>"; };
		8CF61E9021D2340900D9C21A /* AllGroupsController.swift */ = {isa = PBXFileReference; lastKnownFileType = sourcecode.swift; path = AllGroupsController.swift; sourceTree = "<group>"; };
		8CF61E9221D2342700D9C21A /* AllGroupsCell.swift */ = {isa = PBXFileReference; lastKnownFileType = sourcecode.swift; path = AllGroupsCell.swift; sourceTree = "<group>"; };
/* End PBXFileReference section */

/* Begin PBXFrameworksBuildPhase section */
		8CAAF35621C635D3004AA630 /* Frameworks */ = {
			isa = PBXFrameworksBuildPhase;
			buildActionMask = 2147483647;
			files = (
			);
			runOnlyForDeploymentPostprocessing = 0;
		};
		8CAAF36D21C635D5004AA630 /* Frameworks */ = {
			isa = PBXFrameworksBuildPhase;
			buildActionMask = 2147483647;
			files = (
			);
			runOnlyForDeploymentPostprocessing = 0;
		};
		8CAAF37821C635D5004AA630 /* Frameworks */ = {
			isa = PBXFrameworksBuildPhase;
			buildActionMask = 2147483647;
			files = (
			);
			runOnlyForDeploymentPostprocessing = 0;
		};
/* End PBXFrameworksBuildPhase section */

/* Begin PBXGroup section */
		8CAAF35021C635D3004AA630 = {
			isa = PBXGroup;
			children = (
				8CAAF35B21C635D3004AA630 /* VK_SolovievaIrina */,
				8CAAF37321C635D5004AA630 /* VK_SolovievaIrinaTests */,
				8CAAF37E21C635D5004AA630 /* VK_SolovievaIrinaUITests */,
				8CAAF35A21C635D3004AA630 /* Products */,
			);
			sourceTree = "<group>";
		};
		8CAAF35A21C635D3004AA630 /* Products */ = {
			isa = PBXGroup;
			children = (
				8CAAF35921C635D3004AA630 /* VK_SolovievaIrina.app */,
				8CAAF37021C635D5004AA630 /* VK_SolovievaIrinaTests.xctest */,
				8CAAF37B21C635D5004AA630 /* VK_SolovievaIrinaUITests.xctest */,
			);
			name = Products;
			sourceTree = "<group>";
		};
		8CAAF35B21C635D3004AA630 /* VK_SolovievaIrina */ = {
			isa = PBXGroup;
			children = (
				8CF24CE721E23D68006B51D4 /* News */,
				8CF61E7921CE28B600D9C21A /* Friends */,
				8CF61E7821CE28A600D9C21A /* Groups */,
				8CAAF35C21C635D3004AA630 /* AppDelegate.swift */,
				8CAAF35E21C635D3004AA630 /* ViewController.swift */,
				8CAAF36021C635D3004AA630 /* Main.storyboard */,
				8CAAF39121C65180004AA630 /* vk_logo.png */,
				8CAAF36621C635D5004AA630 /* Assets.xcassets */,
				8CAAF36821C635D5004AA630 /* LaunchScreen.storyboard */,
				8CAAF36B21C635D5004AA630 /* Info.plist */,
				8CAAF36321C635D3004AA630 /* VK_SolovievaIrina.xcdatamodeld */,
			);
			path = VK_SolovievaIrina;
			sourceTree = "<group>";
		};
		8CAAF37321C635D5004AA630 /* VK_SolovievaIrinaTests */ = {
			isa = PBXGroup;
			children = (
				8CAAF37421C635D5004AA630 /* VK_SolovievaIrinaTests.swift */,
				8CAAF37621C635D5004AA630 /* Info.plist */,
			);
			path = VK_SolovievaIrinaTests;
			sourceTree = "<group>";
		};
		8CAAF37E21C635D5004AA630 /* VK_SolovievaIrinaUITests */ = {
			isa = PBXGroup;
			children = (
				8CAAF37F21C635D5004AA630 /* VK_SolovievaIrinaUITests.swift */,
				8CAAF38121C635D5004AA630 /* Info.plist */,
			);
			path = VK_SolovievaIrinaUITests;
			sourceTree = "<group>";
		};
		8CF24CE721E23D68006B51D4 /* News */ = {
			isa = PBXGroup;
			children = (
				8CF24CE821E23E1F006B51D4 /* LikeControl.swift */,
				8CF24CEA21E2A539006B51D4 /* MyNewsController.swift */,
				8CF24CEE21E2A780006B51D4 /* MyNewsCell.swift */,
			);
			path = News;
			sourceTree = "<group>";
		};
		8CF61E7821CE28A600D9C21A /* Groups */ = {
			isa = PBXGroup;
			children = (
				8CF61E8C21D2335F00D9C21A /* MyGroupsController.swift */,
				8CF61E8E21D233C200D9C21A /* MyGroupCell.swift */,
				8CF61E9021D2340900D9C21A /* AllGroupsController.swift */,
				8CF61E9221D2342700D9C21A /* AllGroupsCell.swift */,
			);
			path = Groups;
			sourceTree = "<group>";
		};
		8CF61E7921CE28B600D9C21A /* Friends */ = {
			isa = PBXGroup;
			children = (
				8CF61E7A21CE298600D9C21A /* MyFriendsController.swift */,
				8CF61E8021CE2AD500D9C21A /* FotoFriendCollectionController.swift */,
				8CF61E8221CE521300D9C21A /* MyFriendsCell.swift */,
				8CF61E8421D0D68300D9C21A /* FotoCollectionCell.swift */,
			);
			path = Friends;
			sourceTree = "<group>";
		};
/* End PBXGroup section */

/* Begin PBXNativeTarget section */
		8CAAF35821C635D3004AA630 /* VK_SolovievaIrina */ = {
			isa = PBXNativeTarget;
			buildConfigurationList = 8CAAF38421C635D5004AA630 /* Build configuration list for PBXNativeTarget "VK_SolovievaIrina" */;
			buildPhases = (
				8CAAF35521C635D3004AA630 /* Sources */,
				8CAAF35621C635D3004AA630 /* Frameworks */,
				8CAAF35721C635D3004AA630 /* Resources */,
			);
			buildRules = (
			);
			dependencies = (
			);
			name = VK_SolovievaIrina;
			productName = VK_SolovievaIrina;
			productReference = 8CAAF35921C635D3004AA630 /* VK_SolovievaIrina.app */;
			productType = "com.apple.product-type.application";
		};
		8CAAF36F21C635D5004AA630 /* VK_SolovievaIrinaTests */ = {
			isa = PBXNativeTarget;
			buildConfigurationList = 8CAAF38721C635D5004AA630 /* Build configuration list for PBXNativeTarget "VK_SolovievaIrinaTests" */;
			buildPhases = (
				8CAAF36C21C635D5004AA630 /* Sources */,
				8CAAF36D21C635D5004AA630 /* Frameworks */,
				8CAAF36E21C635D5004AA630 /* Resources */,
			);
			buildRules = (
			);
			dependencies = (
				8CAAF37221C635D5004AA630 /* PBXTargetDependency */,
			);
			name = VK_SolovievaIrinaTests;
			productName = VK_SolovievaIrinaTests;
			productReference = 8CAAF37021C635D5004AA630 /* VK_SolovievaIrinaTests.xctest */;
			productType = "com.apple.product-type.bundle.unit-test";
		};
		8CAAF37A21C635D5004AA630 /* VK_SolovievaIrinaUITests */ = {
			isa = PBXNativeTarget;
			buildConfigurationList = 8CAAF38A21C635D5004AA630 /* Build configuration list for PBXNativeTarget "VK_SolovievaIrinaUITests" */;
			buildPhases = (
				8CAAF37721C635D5004AA630 /* Sources */,
				8CAAF37821C635D5004AA630 /* Frameworks */,
				8CAAF37921C635D5004AA630 /* Resources */,
			);
			buildRules = (
			);
			dependencies = (
				8CAAF37D21C635D5004AA630 /* PBXTargetDependency */,
			);
			name = VK_SolovievaIrinaUITests;
			productName = VK_SolovievaIrinaUITests;
			productReference = 8CAAF37B21C635D5004AA630 /* VK_SolovievaIrinaUITests.xctest */;
			productType = "com.apple.product-type.bundle.ui-testing";
		};
/* End PBXNativeTarget section */

/* Begin PBXProject section */
		8CAAF35121C635D3004AA630 /* Project object */ = {
			isa = PBXProject;
			attributes = {
				LastSwiftUpdateCheck = 1010;
				LastUpgradeCheck = 1010;
				ORGANIZATIONNAME = "Ирина";
				TargetAttributes = {
					8CAAF35821C635D3004AA630 = {
						CreatedOnToolsVersion = 10.1;
					};
					8CAAF36F21C635D5004AA630 = {
						CreatedOnToolsVersion = 10.1;
						TestTargetID = 8CAAF35821C635D3004AA630;
					};
					8CAAF37A21C635D5004AA630 = {
						CreatedOnToolsVersion = 10.1;
						TestTargetID = 8CAAF35821C635D3004AA630;
					};
				};
			};
			buildConfigurationList = 8CAAF35421C635D3004AA630 /* Build configuration list for PBXProject "VK_SolovievaIrina" */;
			compatibilityVersion = "Xcode 9.3";
			developmentRegion = en;
			hasScannedForEncodings = 0;
			knownRegions = (
				en,
				Base,
			);
			mainGroup = 8CAAF35021C635D3004AA630;
			productRefGroup = 8CAAF35A21C635D3004AA630 /* Products */;
			projectDirPath = "";
			projectRoot = "";
			targets = (
				8CAAF35821C635D3004AA630 /* VK_SolovievaIrina */,
				8CAAF36F21C635D5004AA630 /* VK_SolovievaIrinaTests */,
				8CAAF37A21C635D5004AA630 /* VK_SolovievaIrinaUITests */,
			);
		};
/* End PBXProject section */

/* Begin PBXResourcesBuildPhase section */
		8CAAF35721C635D3004AA630 /* Resources */ = {
			isa = PBXResourcesBuildPhase;
			buildActionMask = 2147483647;
			files = (
				8CAAF36A21C635D5004AA630 /* LaunchScreen.storyboard in Resources */,
				8CAAF36721C635D5004AA630 /* Assets.xcassets in Resources */,
				8CAAF36221C635D3004AA630 /* Main.storyboard in Resources */,
				8CAAF39221C65180004AA630 /* vk_logo.png in Resources */,
			);
			runOnlyForDeploymentPostprocessing = 0;
		};
		8CAAF36E21C635D5004AA630 /* Resources */ = {
			isa = PBXResourcesBuildPhase;
			buildActionMask = 2147483647;
			files = (
			);
			runOnlyForDeploymentPostprocessing = 0;
		};
		8CAAF37921C635D5004AA630 /* Resources */ = {
			isa = PBXResourcesBuildPhase;
			buildActionMask = 2147483647;
			files = (
			);
			runOnlyForDeploymentPostprocessing = 0;
		};
/* End PBXResourcesBuildPhase section */

/* Begin PBXSourcesBuildPhase section */
		8CAAF35521C635D3004AA630 /* Sources */ = {
			isa = PBXSourcesBuildPhase;
			buildActionMask = 2147483647;
			files = (
				8CAAF35F21C635D3004AA630 /* ViewController.swift in Sources */,
				8CF61E8321CE521300D9C21A /* MyFriendsCell.swift in Sources */,
				8CF61E9321D2342800D9C21A /* AllGroupsCell.swift in Sources */,
				8CF61E8521D0D68300D9C21A /* FotoCollectionCell.swift in Sources */,
				8CF61E8F21D233C200D9C21A /* MyGroupCell.swift in Sources */,
				8CF61E8121CE2AD500D9C21A /* FotoFriendCollectionController.swift in Sources */,
				8CF24CEF21E2A780006B51D4 /* MyNewsCell.swift in Sources */,
				8CAAF36521C635D3004AA630 /* VK_SolovievaIrina.xcdatamodeld in Sources */,
				8CF61E8D21D2335F00D9C21A /* MyGroupsController.swift in Sources */,
				8CF61E9121D2340900D9C21A /* AllGroupsController.swift in Sources */,
				8CF24CEB21E2A539006B51D4 /* MyNewsController.swift in Sources */,
				8CAAF35D21C635D3004AA630 /* AppDelegate.swift in Sources */,
				8CF24CE921E23E1F006B51D4 /* LikeControl.swift in Sources */,
				8CF61E7B21CE298600D9C21A /* MyFriendsController.swift in Sources */,
			);
			runOnlyForDeploymentPostprocessing = 0;
		};
		8CAAF36C21C635D5004AA630 /* Sources */ = {
			isa = PBXSourcesBuildPhase;
			buildActionMask = 2147483647;
			files = (
				8CAAF37521C635D5004AA630 /* VK_SolovievaIrinaTests.swift in Sources */,
			);
			runOnlyForDeploymentPostprocessing = 0;
		};
		8CAAF37721C635D5004AA630 /* Sources */ = {
			isa = PBXSourcesBuildPhase;
			buildActionMask = 2147483647;
			files = (
				8CAAF38021C635D5004AA630 /* VK_SolovievaIrinaUITests.swift in Sources */,
			);
			runOnlyForDeploymentPostprocessing = 0;
		};
/* End PBXSourcesBuildPhase section */

/* Begin PBXTargetDependency section */
		8CAAF37221C635D5004AA630 /* PBXTargetDependency */ = {
			isa = PBXTargetDependency;
			target = 8CAAF35821C635D3004AA630 /* VK_SolovievaIrina */;
			targetProxy = 8CAAF37121C635D5004AA630 /* PBXContainerItemProxy */;
		};
		8CAAF37D21C635D5004AA630 /* PBXTargetDependency */ = {
			isa = PBXTargetDependency;
			target = 8CAAF35821C635D3004AA630 /* VK_SolovievaIrina */;
			targetProxy = 8CAAF37C21C635D5004AA630 /* PBXContainerItemProxy */;
		};
/* End PBXTargetDependency section */

/* Begin PBXVariantGroup section */
		8CAAF36021C635D3004AA630 /* Main.storyboard */ = {
			isa = PBXVariantGroup;
			children = (
				8CAAF36121C635D3004AA630 /* Base */,
			);
			name = Main.storyboard;
			sourceTree = "<group>";
		};
		8CAAF36821C635D5004AA630 /* LaunchScreen.storyboard */ = {
			isa = PBXVariantGroup;
			children = (
				8CAAF36921C635D5004AA630 /* Base */,
			);
			name = LaunchScreen.storyboard;
			sourceTree = "<group>";
		};
/* End PBXVariantGroup section */

/* Begin XCBuildConfiguration section */
		8CAAF38221C635D5004AA630 /* Debug */ = {
			isa = XCBuildConfiguration;
			buildSettings = {
				ALWAYS_SEARCH_USER_PATHS = NO;
				CLANG_ANALYZER_NONNULL = YES;
				CLANG_ANALYZER_NUMBER_OBJECT_CONVERSION = YES_AGGRESSIVE;
				CLANG_CXX_LANGUAGE_STANDARD = "gnu++14";
				CLANG_CXX_LIBRARY = "libc++";
				CLANG_ENABLE_MODULES = YES;
				CLANG_ENABLE_OBJC_ARC = YES;
				CLANG_ENABLE_OBJC_WEAK = YES;
				CLANG_WARN_BLOCK_CAPTURE_AUTORELEASING = YES;
				CLANG_WARN_BOOL_CONVERSION = YES;
				CLANG_WARN_COMMA = YES;
				CLANG_WARN_CONSTANT_CONVERSION = YES;
				CLANG_WARN_DEPRECATED_OBJC_IMPLEMENTATIONS = YES;
				CLANG_WARN_DIRECT_OBJC_ISA_USAGE = YES_ERROR;
				CLANG_WARN_DOCUMENTATION_COMMENTS = YES;
				CLANG_WARN_EMPTY_BODY = YES;
				CLANG_WARN_ENUM_CONVERSION = YES;
				CLANG_WARN_INFINITE_RECURSION = YES;
				CLANG_WARN_INT_CONVERSION = YES;
				CLANG_WARN_NON_LITERAL_NULL_CONVERSION = YES;
				CLANG_WARN_OBJC_IMPLICIT_RETAIN_SELF = YES;
				CLANG_WARN_OBJC_LITERAL_CONVERSION = YES;
				CLANG_WARN_OBJC_ROOT_CLASS = YES_ERROR;
				CLANG_WARN_RANGE_LOOP_ANALYSIS = YES;
				CLANG_WARN_STRICT_PROTOTYPES = YES;
				CLANG_WARN_SUSPICIOUS_MOVE = YES;
				CLANG_WARN_UNGUARDED_AVAILABILITY = YES_AGGRESSIVE;
				CLANG_WARN_UNREACHABLE_CODE = YES;
				CLANG_WARN__DUPLICATE_METHOD_MATCH = YES;
				CODE_SIGN_IDENTITY = "iPhone Developer";
				COPY_PHASE_STRIP = NO;
				DEBUG_INFORMATION_FORMAT = dwarf;
				ENABLE_STRICT_OBJC_MSGSEND = YES;
				ENABLE_TESTABILITY = YES;
				GCC_C_LANGUAGE_STANDARD = gnu11;
				GCC_DYNAMIC_NO_PIC = NO;
				GCC_NO_COMMON_BLOCKS = YES;
				GCC_OPTIMIZATION_LEVEL = 0;
				GCC_PREPROCESSOR_DEFINITIONS = (
					"DEBUG=1",
					"$(inherited)",
				);
				GCC_WARN_64_TO_32_BIT_CONVERSION = YES;
				GCC_WARN_ABOUT_RETURN_TYPE = YES_ERROR;
				GCC_WARN_UNDECLARED_SELECTOR = YES;
				GCC_WARN_UNINITIALIZED_AUTOS = YES_AGGRESSIVE;
				GCC_WARN_UNUSED_FUNCTION = YES;
				GCC_WARN_UNUSED_VARIABLE = YES;
				IPHONEOS_DEPLOYMENT_TARGET = 12.1;
				MTL_ENABLE_DEBUG_INFO = INCLUDE_SOURCE;
				MTL_FAST_MATH = YES;
				ONLY_ACTIVE_ARCH = YES;
				SDKROOT = iphoneos;
				SWIFT_ACTIVE_COMPILATION_CONDITIONS = DEBUG;
				SWIFT_OPTIMIZATION_LEVEL = "-Onone";
			};
			name = Debug;
		};
		8CAAF38321C635D5004AA630 /* Release */ = {
			isa = XCBuildConfiguration;
			buildSettings = {
				ALWAYS_SEARCH_USER_PATHS = NO;
				CLANG_ANALYZER_NONNULL = YES;
				CLANG_ANALYZER_NUMBER_OBJECT_CONVERSION = YES_AGGRESSIVE;
				CLANG_CXX_LANGUAGE_STANDARD = "gnu++14";
				CLANG_CXX_LIBRARY = "libc++";
				CLANG_ENABLE_MODULES = YES;
				CLANG_ENABLE_OBJC_ARC = YES;
				CLANG_ENABLE_OBJC_WEAK = YES;
				CLANG_WARN_BLOCK_CAPTURE_AUTORELEASING = YES;
				CLANG_WARN_BOOL_CONVERSION = YES;
				CLANG_WARN_COMMA = YES;
				CLANG_WARN_CONSTANT_CONVERSION = YES;
				CLANG_WARN_DEPRECATED_OBJC_IMPLEMENTATIONS = YES;
				CLANG_WARN_DIRECT_OBJC_ISA_USAGE = YES_ERROR;
				CLANG_WARN_DOCUMENTATION_COMMENTS = YES;
				CLANG_WARN_EMPTY_BODY = YES;
				CLANG_WARN_ENUM_CONVERSION = YES;
				CLANG_WARN_INFINITE_RECURSION = YES;
				CLANG_WARN_INT_CONVERSION = YES;
				CLANG_WARN_NON_LITERAL_NULL_CONVERSION = YES;
				CLANG_WARN_OBJC_IMPLICIT_RETAIN_SELF = YES;
				CLANG_WARN_OBJC_LITERAL_CONVERSION = YES;
				CLANG_WARN_OBJC_ROOT_CLASS = YES_ERROR;
				CLANG_WARN_RANGE_LOOP_ANALYSIS = YES;
				CLANG_WARN_STRICT_PROTOTYPES = YES;
				CLANG_WARN_SUSPICIOUS_MOVE = YES;
				CLANG_WARN_UNGUARDED_AVAILABILITY = YES_AGGRESSIVE;
				CLANG_WARN_UNREACHABLE_CODE = YES;
				CLANG_WARN__DUPLICATE_METHOD_MATCH = YES;
				CODE_SIGN_IDENTITY = "iPhone Developer";
				COPY_PHASE_STRIP = NO;
				DEBUG_INFORMATION_FORMAT = "dwarf-with-dsym";
				ENABLE_NS_ASSERTIONS = NO;
				ENABLE_STRICT_OBJC_MSGSEND = YES;
				GCC_C_LANGUAGE_STANDARD = gnu11;
				GCC_NO_COMMON_BLOCKS = YES;
				GCC_WARN_64_TO_32_BIT_CONVERSION = YES;
				GCC_WARN_ABOUT_RETURN_TYPE = YES_ERROR;
				GCC_WARN_UNDECLARED_SELECTOR = YES;
				GCC_WARN_UNINITIALIZED_AUTOS = YES_AGGRESSIVE;
				GCC_WARN_UNUSED_FUNCTION = YES;
				GCC_WARN_UNUSED_VARIABLE = YES;
				IPHONEOS_DEPLOYMENT_TARGET = 12.1;
				MTL_ENABLE_DEBUG_INFO = NO;
				MTL_FAST_MATH = YES;
				SDKROOT = iphoneos;
				SWIFT_COMPILATION_MODE = wholemodule;
				SWIFT_OPTIMIZATION_LEVEL = "-O";
				VALIDATE_PRODUCT = YES;
			};
			name = Release;
		};
		8CAAF38521C635D5004AA630 /* Debug */ = {
			isa = XCBuildConfiguration;
			buildSettings = {
				ASSETCATALOG_COMPILER_APPICON_NAME = AppIcon;
				CODE_SIGN_STYLE = Automatic;
				DEVELOPMENT_TEAM = C2FFG5QQR9;
				INFOPLIST_FILE = VK_SolovievaIrina/Info.plist;
				LD_RUNPATH_SEARCH_PATHS = (
					"$(inherited)",
					"@executable_path/Frameworks",
				);
				PRODUCT_BUNDLE_IDENTIFIER = "education.VK-SolovievaIrina";
				PRODUCT_NAME = "$(TARGET_NAME)";
				SWIFT_VERSION = 4.2;
				TARGETED_DEVICE_FAMILY = "1,2";
			};
			name = Debug;
		};
		8CAAF38621C635D5004AA630 /* Release */ = {
			isa = XCBuildConfiguration;
			buildSettings = {
				ASSETCATALOG_COMPILER_APPICON_NAME = AppIcon;
				CODE_SIGN_STYLE = Automatic;
				DEVELOPMENT_TEAM = C2FFG5QQR9;
				INFOPLIST_FILE = VK_SolovievaIrina/Info.plist;
				LD_RUNPATH_SEARCH_PATHS = (
					"$(inherited)",
					"@executable_path/Frameworks",
				);
				PRODUCT_BUNDLE_IDENTIFIER = "education.VK-SolovievaIrina";
				PRODUCT_NAME = "$(TARGET_NAME)";
				SWIFT_VERSION = 4.2;
				TARGETED_DEVICE_FAMILY = "1,2";
			};
			name = Release;
		};
		8CAAF38821C635D5004AA630 /* Debug */ = {
			isa = XCBuildConfiguration;
			buildSettings = {
				ALWAYS_EMBED_SWIFT_STANDARD_LIBRARIES = YES;
				BUNDLE_LOADER = "$(TEST_HOST)";
				CODE_SIGN_STYLE = Automatic;
				DEVELOPMENT_TEAM = C2FFG5QQR9;
				INFOPLIST_FILE = VK_SolovievaIrinaTests/Info.plist;
				LD_RUNPATH_SEARCH_PATHS = (
					"$(inherited)",
					"@executable_path/Frameworks",
					"@loader_path/Frameworks",
				);
				PRODUCT_BUNDLE_IDENTIFIER = "education.VK-SolovievaIrinaTests";
				PRODUCT_NAME = "$(TARGET_NAME)";
				SWIFT_VERSION = 4.2;
				TARGETED_DEVICE_FAMILY = "1,2";
				TEST_HOST = "$(BUILT_PRODUCTS_DIR)/VK_SolovievaIrina.app/VK_SolovievaIrina";
			};
			name = Debug;
		};
		8CAAF38921C635D5004AA630 /* Release */ = {
			isa = XCBuildConfiguration;
			buildSettings = {
				ALWAYS_EMBED_SWIFT_STANDARD_LIBRARIES = YES;
				BUNDLE_LOADER = "$(TEST_HOST)";
				CODE_SIGN_STYLE = Automatic;
				DEVELOPMENT_TEAM = C2FFG5QQR9;
				INFOPLIST_FILE = VK_SolovievaIrinaTests/Info.plist;
				LD_RUNPATH_SEARCH_PATHS = (
					"$(inherited)",
					"@executable_path/Frameworks",
					"@loader_path/Frameworks",
				);
				PRODUCT_BUNDLE_IDENTIFIER = "education.VK-SolovievaIrinaTests";
				PRODUCT_NAME = "$(TARGET_NAME)";
				SWIFT_VERSION = 4.2;
				TARGETED_DEVICE_FAMILY = "1,2";
				TEST_HOST = "$(BUILT_PRODUCTS_DIR)/VK_SolovievaIrina.app/VK_SolovievaIrina";
			};
			name = Release;
		};
		8CAAF38B21C635D5004AA630 /* Debug */ = {
			isa = XCBuildConfiguration;
			buildSettings = {
				ALWAYS_EMBED_SWIFT_STANDARD_LIBRARIES = YES;
				CODE_SIGN_STYLE = Automatic;
				DEVELOPMENT_TEAM = C2FFG5QQR9;
				INFOPLIST_FILE = VK_SolovievaIrinaUITests/Info.plist;
				LD_RUNPATH_SEARCH_PATHS = (
					"$(inherited)",
					"@executable_path/Frameworks",
					"@loader_path/Frameworks",
				);
				PRODUCT_BUNDLE_IDENTIFIER = "education.VK-SolovievaIrinaUITests";
				PRODUCT_NAME = "$(TARGET_NAME)";
				SWIFT_VERSION = 4.2;
				TARGETED_DEVICE_FAMILY = "1,2";
				TEST_TARGET_NAME = VK_SolovievaIrina;
			};
			name = Debug;
		};
		8CAAF38C21C635D5004AA630 /* Release */ = {
			isa = XCBuildConfiguration;
			buildSettings = {
				ALWAYS_EMBED_SWIFT_STANDARD_LIBRARIES = YES;
				CODE_SIGN_STYLE = Automatic;
				DEVELOPMENT_TEAM = C2FFG5QQR9;
				INFOPLIST_FILE = VK_SolovievaIrinaUITests/Info.plist;
				LD_RUNPATH_SEARCH_PATHS = (
					"$(inherited)",
					"@executable_path/Frameworks",
					"@loader_path/Frameworks",
				);
				PRODUCT_BUNDLE_IDENTIFIER = "education.VK-SolovievaIrinaUITests";
				PRODUCT_NAME = "$(TARGET_NAME)";
				SWIFT_VERSION = 4.2;
				TARGETED_DEVICE_FAMILY = "1,2";
				TEST_TARGET_NAME = VK_SolovievaIrina;
			};
			name = Release;
		};
/* End XCBuildConfiguration section */

/* Begin XCConfigurationList section */
		8CAAF35421C635D3004AA630 /* Build configuration list for PBXProject "VK_SolovievaIrina" */ = {
			isa = XCConfigurationList;
			buildConfigurations = (
				8CAAF38221C635D5004AA630 /* Debug */,
				8CAAF38321C635D5004AA630 /* Release */,
			);
			defaultConfigurationIsVisible = 0;
			defaultConfigurationName = Release;
		};
		8CAAF38421C635D5004AA630 /* Build configuration list for PBXNativeTarget "VK_SolovievaIrina" */ = {
			isa = XCConfigurationList;
			buildConfigurations = (
				8CAAF38521C635D5004AA630 /* Debug */,
				8CAAF38621C635D5004AA630 /* Release */,
			);
			defaultConfigurationIsVisible = 0;
			defaultConfigurationName = Release;
		};
		8CAAF38721C635D5004AA630 /* Build configuration list for PBXNativeTarget "VK_SolovievaIrinaTests" */ = {
			isa = XCConfigurationList;
			buildConfigurations = (
				8CAAF38821C635D5004AA630 /* Debug */,
				8CAAF38921C635D5004AA630 /* Release */,
			);
			defaultConfigurationIsVisible = 0;
			defaultConfigurationName = Release;
		};
		8CAAF38A21C635D5004AA630 /* Build configuration list for PBXNativeTarget "VK_SolovievaIrinaUITests" */ = {
			isa = XCConfigurationList;
			buildConfigurations = (
				8CAAF38B21C635D5004AA630 /* Debug */,
				8CAAF38C21C635D5004AA630 /* Release */,
			);
			defaultConfigurationIsVisible = 0;
			defaultConfigurationName = Release;
		};
/* End XCConfigurationList section */

/* Begin XCVersionGroup section */
		8CAAF36321C635D3004AA630 /* VK_SolovievaIrina.xcdatamodeld */ = {
			isa = XCVersionGroup;
			children = (
				8CAAF36421C635D3004AA630 /* VK_SolovievaIrina.xcdatamodel */,
			);
			currentVersion = 8CAAF36421C635D3004AA630 /* VK_SolovievaIrina.xcdatamodel */;
			path = VK_SolovievaIrina.xcdatamodeld;
			sourceTree = "<group>";
			versionGroupType = wrapper.xcdatamodel;
		};
/* End XCVersionGroup section */
	};
	rootObject = 8CAAF35121C635D3004AA630 /* Project object */;
}
